
Microsoft Visual Studio Solution File, Format Version 12.00
# Visual Studio Version 17
VisualStudioVersion = 17.9.34701.34
MinimumVisualStudioVersion = 10.0.40219.1
Project("{9A19103F-16F7-4668-BE54-9A1E7A4F7556}") = "WeatherApi", "WeatherApi\WeatherApi.csproj", "{A33CFA38-0C43-4577-AAD5-15B96AFD3047}"
EndProject
Project("{9A19103F-16F7-4668-BE54-9A1E7A4F7556}") = "WeatherWeb", "WeatherWeb\WeatherWeb.csproj", "{204B6BA0-A779-4BFB-BE8B-9D3EEF241598}"
EndProject
Project("{FAE04EC0-301F-11D3-BF4B-00C04F79EFBC}") = "WeatherTest", "WeatherTest\WeatherTest.csproj", "{4BF995D9-CECD-4AC8-B9DC-2B41B090E41F}"
EndProject
Global
	GlobalSection(SolutionConfigurationPlatforms) = preSolution
		Debug|Any CPU = Debug|Any CPU
		Release|Any CPU = Release|Any CPU
	EndGlobalSection
	GlobalSection(ProjectConfigurationPlatforms) = postSolution
		{A33CFA38-0C43-4577-AAD5-15B96AFD3047}.Debug|Any CPU.ActiveCfg = Debug|Any CPU
		{A33CFA38-0C43-4577-AAD5-15B96AFD3047}.Debug|Any CPU.Build.0 = Debug|Any CPU
		{A33CFA38-0C43-4577-AAD5-15B96AFD3047}.Release|Any CPU.ActiveCfg = Release|Any CPU
		{A33CFA38-0C43-4577-AAD5-15B96AFD3047}.Release|Any CPU.Build.0 = Release|Any CPU
		{204B6BA0-A779-4BFB-BE8B-9D3EEF241598}.Debug|Any CPU.ActiveCfg = Debug|Any CPU
		{204B6BA0-A779-4BFB-BE8B-9D3EEF241598}.Debug|Any CPU.Build.0 = Debug|Any CPU
		{204B6BA0-A779-4BFB-BE8B-9D3EEF241598}.Release|Any CPU.ActiveCfg = Release|Any CPU
		{204B6BA0-A779-4BFB-BE8B-9D3EEF241598}.Release|Any CPU.Build.0 = Release|Any CPU
		{4BF995D9-CECD-4AC8-B9DC-2B41B090E41F}.Debug|Any CPU.ActiveCfg = Debug|Any CPU
		{4BF995D9-CECD-4AC8-B9DC-2B41B090E41F}.Debug|Any CPU.Build.0 = Debug|Any CPU
		{4BF995D9-CECD-4AC8-B9DC-2B41B090E41F}.Release|Any CPU.ActiveCfg = Release|Any CPU
		{4BF995D9-CECD-4AC8-B9DC-2B41B090E41F}.Release|Any CPU.Build.0 = Release|Any CPU
	EndGlobalSection
	GlobalSection(SolutionProperties) = preSolution
		HideSolutionNode = FALSE
	EndGlobalSection
	GlobalSection(ExtensibilityGlobals) = postSolution
		SolutionGuid = {FB734C19-ECB3-46A5-90C4-4060ED061BC4}
	EndGlobalSection
EndGlobal
